// !$*UTF8*$!
{
	archiveVersion = 1;
	classes = {
	};
	objectVersion = 48;
	objects = {

/* Begin PBXBuildFile section */
		18A5603A204CDEF000DCCCC4 /* AppDelegate.m in Sources */ = {isa = PBXBuildFile; fileRef = 18A56039204CDEF000DCCCC4 /* AppDelegate.m */; };
		18A5603D204CDEF000DCCCC4 /* ViewController.m in Sources */ = {isa = PBXBuildFile; fileRef = 18A5603C204CDEF000DCCCC4 /* ViewController.m */; };
		18A56040204CDEF000DCCCC4 /* Main.storyboard in Resources */ = {isa = PBXBuildFile; fileRef = 18A5603E204CDEF000DCCCC4 /* Main.storyboard */; };
		18A56042204CDEF000DCCCC4 /* Assets.xcassets in Resources */ = {isa = PBXBuildFile; fileRef = 18A56041204CDEF000DCCCC4 /* Assets.xcassets */; };
		18A56045204CDEF000DCCCC4 /* LaunchScreen.storyboard in Resources */ = {isa = PBXBuildFile; fileRef = 18A56043204CDEF000DCCCC4 /* LaunchScreen.storyboard */; };
		18A56048204CDEF000DCCCC4 /* main.m in Sources */ = {isa = PBXBuildFile; fileRef = 18A56047204CDEF000DCCCC4 /* main.m */; };
		18A5685F204CE03900DCCCC4 /* MFlowLayOut.m in Sources */ = {isa = PBXBuildFile; fileRef = 18A56816204CE03800DCCCC4 /* MFlowLayOut.m */; };
		18A56860204CE03900DCCCC4 /* MHeaderImaCell.m in Sources */ = {isa = PBXBuildFile; fileRef = 18A56818204CE03800DCCCC4 /* MHeaderImaCell.m */; };
		18A56861204CE03900DCCCC4 /* MHeadImaView.m in Sources */ = {isa = PBXBuildFile; fileRef = 18A5681A204CE03800DCCCC4 /* MHeadImaView.m */; };
		18A56862204CE03900DCCCC4 /* JJMainScrollView.m in Sources */ = {isa = PBXBuildFile; fileRef = 18A5681D204CE03800DCCCC4 /* JJMainScrollView.m */; };
		18A56863204CE03900DCCCC4 /* JJOneScrollView.m in Sources */ = {isa = PBXBuildFile; fileRef = 18A5681F204CE03800DCCCC4 /* JJOneScrollView.m */; };
		18A56864204CE03900DCCCC4 /* JJPhoto.m in Sources */ = {isa = PBXBuildFile; fileRef = 18A56821204CE03800DCCCC4 /* JJPhoto.m */; };
		18A56865204CE03900DCCCC4 /* JJPhotoManeger.m in Sources */ = {isa = PBXBuildFile; fileRef = 18A56823204CE03800DCCCC4 /* JJPhotoManeger.m */; };
		18A56866204CE03900DCCCC4 /* none.png in Resources */ = {isa = PBXBuildFile; fileRef = 18A56824204CE03800DCCCC4 /* none.png */; };
		18A56867204CE03900DCCCC4 /* MGroupCell.m in Sources */ = {isa = PBXBuildFile; fileRef = 18A56828204CE03800DCCCC4 /* MGroupCell.m */; };
		18A56868204CE03900DCCCC4 /* MGroupCell.xib in Resources */ = {isa = PBXBuildFile; fileRef = 18A56829204CE03800DCCCC4 /* MGroupCell.xib */; };
		18A56869204CE03900DCCCC4 /* MImaCell.m in Sources */ = {isa = PBXBuildFile; fileRef = 18A5682B204CE03800DCCCC4 /* MImaCell.m */; };
		18A5686A204CE03900DCCCC4 /* MImaCell.xib in Resources */ = {isa = PBXBuildFile; fileRef = 18A5682C204CE03800DCCCC4 /* MImaCell.xib */; };
		18A5686B204CE03900DCCCC4 /* MImaLibTool.m in Sources */ = {isa = PBXBuildFile; fileRef = 18A5682E204CE03800DCCCC4 /* MImaLibTool.m */; };
		18A5686C204CE03900DCCCC4 /* MShowAllGroup.m in Sources */ = {isa = PBXBuildFile; fileRef = 18A56830204CE03900DCCCC4 /* MShowAllGroup.m */; };
		18A5686D204CE03900DCCCC4 /* MShowGroupAllSet.m in Sources */ = {isa = PBXBuildFile; fileRef = 18A56832204CE03900DCCCC4 /* MShowGroupAllSet.m */; };
		18A5686E204CE03900DCCCC4 /* BRPlaceholderTextView.m in Sources */ = {isa = PBXBuildFile; fileRef = 18A56835204CE03900DCCCC4 /* BRPlaceholderTextView.m */; };
		18A5686F204CE03900DCCCC4 /* SDBaseProgressView.m in Sources */ = {isa = PBXBuildFile; fileRef = 18A56839204CE03900DCCCC4 /* SDBaseProgressView.m */; };
		18A56870204CE03900DCCCC4 /* SDLoopProgressView.m in Sources */ = {isa = PBXBuildFile; fileRef = 18A5683B204CE03900DCCCC4 /* SDLoopProgressView.m */; };
		18A56871204CE03900DCCCC4 /* SDDemoItemView.m in Sources */ = {isa = PBXBuildFile; fileRef = 18A5683F204CE03900DCCCC4 /* SDDemoItemView.m */; };
		18A56872204CE03900DCCCC4 /* NSData+ImageContentType.m in Sources */ = {isa = PBXBuildFile; fileRef = 18A56843204CE03900DCCCC4 /* NSData+ImageContentType.m */; };
		18A56873204CE03900DCCCC4 /* SDImageCache.m in Sources */ = {isa = PBXBuildFile; fileRef = 18A56845204CE03900DCCCC4 /* SDImageCache.m */; };
		18A56874204CE03900DCCCC4 /* SDWebImageCompat.m in Sources */ = {isa = PBXBuildFile; fileRef = 18A56847204CE03900DCCCC4 /* SDWebImageCompat.m */; };
		18A56875204CE03900DCCCC4 /* SDWebImageDecoder.m in Sources */ = {isa = PBXBuildFile; fileRef = 18A56849204CE03900DCCCC4 /* SDWebImageDecoder.m */; };
		18A56876204CE03900DCCCC4 /* SDWebImageDownloader.m in Sources */ = {isa = PBXBuildFile; fileRef = 18A5684B204CE03900DCCCC4 /* SDWebImageDownloader.m */; };
		18A56877204CE03900DCCCC4 /* SDWebImageDownloaderOperation.m in Sources */ = {isa = PBXBuildFile; fileRef = 18A5684D204CE03900DCCCC4 /* SDWebImageDownloaderOperation.m */; };
		18A56878204CE03900DCCCC4 /* SDWebImageManager.m in Sources */ = {isa = PBXBuildFile; fileRef = 18A5684F204CE03900DCCCC4 /* SDWebImageManager.m */; };
		18A56879204CE03900DCCCC4 /* SDWebImagePrefetcher.m in Sources */ = {isa = PBXBuildFile; fileRef = 18A56852204CE03900DCCCC4 /* SDWebImagePrefetcher.m */; };
		18A5687A204CE03900DCCCC4 /* UIButton+WebCache.m in Sources */ = {isa = PBXBuildFile; fileRef = 18A56854204CE03900DCCCC4 /* UIButton+WebCache.m */; };
		18A5687B204CE03900DCCCC4 /* UIImage+GIF.m in Sources */ = {isa = PBXBuildFile; fileRef = 18A56856204CE03900DCCCC4 /* UIImage+GIF.m */; };
		18A5687C204CE03900DCCCC4 /* UIImage+MultiFormat.m in Sources */ = {isa = PBXBuildFile; fileRef = 18A56858204CE03900DCCCC4 /* UIImage+MultiFormat.m */; };
		18A5687D204CE03900DCCCC4 /* UIImageView+HighlightedWebCache.m in Sources */ = {isa = PBXBuildFile; fileRef = 18A5685A204CE03900DCCCC4 /* UIImageView+HighlightedWebCache.m */; };
		18A5687E204CE03900DCCCC4 /* UIImageView+WebCache.m in Sources */ = {isa = PBXBuildFile; fileRef = 18A5685C204CE03900DCCCC4 /* UIImageView+WebCache.m */; };
		18A5687F204CE03900DCCCC4 /* UIView+WebCacheOperation.m in Sources */ = {isa = PBXBuildFile; fileRef = 18A5685E204CE03900DCCCC4 /* UIView+WebCacheOperation.m */; };
		18A56887204CE04A00DCCCC4 /* HWCollectionViewCell.xib in Resources */ = {isa = PBXBuildFile; fileRef = 18A56881204CE04900DCCCC4 /* HWCollectionViewCell.xib */; };
		18A56888204CE04A00DCCCC4 /* HWPublishBaseController.m in Sources */ = {isa = PBXBuildFile; fileRef = 18A56882204CE04900DCCCC4 /* HWPublishBaseController.m */; };
		18A56889204CE04A00DCCCC4 /* HWImagePickerSheet.m in Sources */ = {isa = PBXBuildFile; fileRef = 18A56885204CE04A00DCCCC4 /* HWImagePickerSheet.m */; };
		18A5688A204CE04A00DCCCC4 /* HWCollectionViewCell.m in Sources */ = {isa = PBXBuildFile; fileRef = 18A56886204CE04A00DCCCC4 /* HWCollectionViewCell.m */; };
/* End PBXBuildFile section */

/* Begin PBXFileReference section */
		18A56035204CDEF000DCCCC4 /* HWImagePicker.app */ = {isa = PBXFileReference; explicitFileType = wrapper.application; includeInIndex = 0; path = HWImagePicker.app; sourceTree = BUILT_PRODUCTS_DIR; };
		18A56038204CDEF000DCCCC4 /* AppDelegate.h */ = {isa = PBXFileReference; lastKnownFileType = sourcecode.c.h; path = AppDelegate.h; sourceTree = "<group>"; };
		18A56039204CDEF000DCCCC4 /* AppDelegate.m */ = {isa = PBXFileReference; lastKnownFileType = sourcecode.c.objc; path = AppDelegate.m; sourceTree = "<group>"; };
		18A5603B204CDEF000DCCCC4 /* ViewController.h */ = {isa = PBXFileReference; lastKnownFileType = sourcecode.c.h; path = ViewController.h; sourceTree = "<group>"; };
		18A5603C204CDEF000DCCCC4 /* ViewController.m */ = {isa = PBXFileReference; lastKnownFileType = sourcecode.c.objc; path = ViewController.m; sourceTree = "<group>"; };
		18A5603F204CDEF000DCCCC4 /* Base */ = {isa = PBXFileReference; lastKnownFileType = file.storyboard; name = Base; path = Base.lproj/Main.storyboard; sourceTree = "<group>"; };
		18A56041204CDEF000DCCCC4 /* Assets.xcassets */ = {isa = PBXFileReference; lastKnownFileType = folder.assetcatalog; path = Assets.xcassets; sourceTree = "<group>"; };
		18A56044204CDEF000DCCCC4 /* Base */ = {isa = PBXFileReference; lastKnownFileType = file.storyboard; name = Base; path = Base.lproj/LaunchScreen.storyboard; sourceTree = "<group>"; };
		18A56046204CDEF000DCCCC4 /* Info.plist */ = {isa = PBXFileReference; lastKnownFileType = text.plist.xml; path = Info.plist; sourceTree = "<group>"; };
		18A56047204CDEF000DCCCC4 /* main.m */ = {isa = PBXFileReference; lastKnownFileType = sourcecode.c.objc; path = main.m; sourceTree = "<group>"; };
		18A56815204CE03800DCCCC4 /* MFlowLayOut.h */ = {isa = PBXFileReference; fileEncoding = 4; lastKnownFileType = sourcecode.c.h; path = MFlowLayOut.h; sourceTree = "<group>"; };
		18A56816204CE03800DCCCC4 /* MFlowLayOut.m */ = {isa = PBXFileReference; fileEncoding = 4; lastKnownFileType = sourcecode.c.objc; path = MFlowLayOut.m; sourceTree = "<group>"; };
		18A56817204CE03800DCCCC4 /* MHeaderImaCell.h */ = {isa = PBXFileReference; fileEncoding = 4; lastKnownFileType = sourcecode.c.h; path = MHeaderImaCell.h; sourceTree = "<group>"; };
		18A56818204CE03800DCCCC4 /* MHeaderImaCell.m */ = {isa = PBXFileReference; fileEncoding = 4; lastKnownFileType = sourcecode.c.objc; path = MHeaderImaCell.m; sourceTree = "<group>"; };
		18A56819204CE03800DCCCC4 /* MHeadImaView.h */ = {isa = PBXFileReference; fileEncoding = 4; lastKnownFileType = sourcecode.c.h; path = MHeadImaView.h; sourceTree = "<group>"; };
		18A5681A204CE03800DCCCC4 /* MHeadImaView.m */ = {isa = PBXFileReference; fileEncoding = 4; lastKnownFileType = sourcecode.c.objc; path = MHeadImaView.m; sourceTree = "<group>"; };
		18A5681C204CE03800DCCCC4 /* JJMainScrollView.h */ = {isa = PBXFileReference; fileEncoding = 4; lastKnownFileType = sourcecode.c.h; path = JJMainScrollView.h; sourceTree = "<group>"; };
		18A5681D204CE03800DCCCC4 /* JJMainScrollView.m */ = {isa = PBXFileReference; fileEncoding = 4; lastKnownFileType = sourcecode.c.objc; path = JJMainScrollView.m; sourceTree = "<group>"; };
		18A5681E204CE03800DCCCC4 /* JJOneScrollView.h */ = {isa = PBXFileReference; fileEncoding = 4; lastKnownFileType = sourcecode.c.h; path = JJOneScrollView.h; sourceTree = "<group>"; };
		18A5681F204CE03800DCCCC4 /* JJOneScrollView.m */ = {isa = PBXFileReference; fileEncoding = 4; lastKnownFileType = sourcecode.c.objc; path = JJOneScrollView.m; sourceTree = "<group>"; };
		18A56820204CE03800DCCCC4 /* JJPhoto.h */ = {isa = PBXFileReference; fileEncoding = 4; lastKnownFileType = sourcecode.c.h; path = JJPhoto.h; sourceTree = "<group>"; };
		18A56821204CE03800DCCCC4 /* JJPhoto.m */ = {isa = PBXFileReference; fileEncoding = 4; lastKnownFileType = sourcecode.c.objc; path = JJPhoto.m; sourceTree = "<group>"; };
		18A56822204CE03800DCCCC4 /* JJPhotoManeger.h */ = {isa = PBXFileReference; fileEncoding = 4; lastKnownFileType = sourcecode.c.h; path = JJPhotoManeger.h; sourceTree = "<group>"; };
		18A56823204CE03800DCCCC4 /* JJPhotoManeger.m */ = {isa = PBXFileReference; fileEncoding = 4; lastKnownFileType = sourcecode.c.objc; path = JJPhotoManeger.m; sourceTree = "<group>"; };
		18A56824204CE03800DCCCC4 /* none.png */ = {isa = PBXFileReference; lastKnownFileType = image.png; path = none.png; sourceTree = "<group>"; };
		18A56826204CE03800DCCCC4 /* ImagePickerDefine.h */ = {isa = PBXFileReference; fileEncoding = 4; lastKnownFileType = sourcecode.c.h; path = ImagePickerDefine.h; sourceTree = "<group>"; };
		18A56827204CE03800DCCCC4 /* MGroupCell.h */ = {isa = PBXFileReference; fileEncoding = 4; lastKnownFileType = sourcecode.c.h; path = MGroupCell.h; sourceTree = "<group>"; };
		18A56828204CE03800DCCCC4 /* MGroupCell.m */ = {isa = PBXFileReference; fileEncoding = 4; lastKnownFileType = sourcecode.c.objc; path = MGroupCell.m; sourceTree = "<group>"; };
		18A56829204CE03800DCCCC4 /* MGroupCell.xib */ = {isa = PBXFileReference; fileEncoding = 4; lastKnownFileType = file.xib; path = MGroupCell.xib; sourceTree = "<group>"; };
		18A5682A204CE03800DCCCC4 /* MImaCell.h */ = {isa = PBXFileReference; fileEncoding = 4; lastKnownFileType = sourcecode.c.h; path = MImaCell.h; sourceTree = "<group>"; };
		18A5682B204CE03800DCCCC4 /* MImaCell.m */ = {isa = PBXFileReference; fileEncoding = 4; lastKnownFileType = sourcecode.c.objc; path = MImaCell.m; sourceTree = "<group>"; };
		18A5682C204CE03800DCCCC4 /* MImaCell.xib */ = {isa = PBXFileReference; fileEncoding = 4; lastKnownFileType = file.xib; path = MImaCell.xib; sourceTree = "<group>"; };
		18A5682D204CE03800DCCCC4 /* MImaLibTool.h */ = {isa = PBXFileReference; fileEncoding = 4; lastKnownFileType = sourcecode.c.h; path = MImaLibTool.h; sourceTree = "<group>"; };
		18A5682E204CE03800DCCCC4 /* MImaLibTool.m */ = {isa = PBXFileReference; fileEncoding = 4; lastKnownFileType = sourcecode.c.objc; path = MImaLibTool.m; sourceTree = "<group>"; };
		18A5682F204CE03900DCCCC4 /* MShowAllGroup.h */ = {isa = PBXFileReference; fileEncoding = 4; lastKnownFileType = sourcecode.c.h; path = MShowAllGroup.h; sourceTree = "<group>"; };
		18A56830204CE03900DCCCC4 /* MShowAllGroup.m */ = {isa = PBXFileReference; fileEncoding = 4; lastKnownFileType = sourcecode.c.objc; path = MShowAllGroup.m; sourceTree = "<group>"; };
		18A56831204CE03900DCCCC4 /* MShowGroupAllSet.h */ = {isa = PBXFileReference; fileEncoding = 4; lastKnownFileType = sourcecode.c.h; path = MShowGroupAllSet.h; sourceTree = "<group>"; };
		18A56832204CE03900DCCCC4 /* MShowGroupAllSet.m */ = {isa = PBXFileReference; fileEncoding = 4; lastKnownFileType = sourcecode.c.objc; path = MShowGroupAllSet.m; sourceTree = "<group>"; };
		18A56834204CE03900DCCCC4 /* BRPlaceholderTextView.h */ = {isa = PBXFileReference; fileEncoding = 4; lastKnownFileType = sourcecode.c.h; path = BRPlaceholderTextView.h; sourceTree = "<group>"; };
		18A56835204CE03900DCCCC4 /* BRPlaceholderTextView.m */ = {isa = PBXFileReference; fileEncoding = 4; lastKnownFileType = sourcecode.c.objc; path = BRPlaceholderTextView.m; sourceTree = "<group>"; };
		18A56838204CE03900DCCCC4 /* SDBaseProgressView.h */ = {isa = PBXFileReference; fileEncoding = 4; lastKnownFileType = sourcecode.c.h; path = SDBaseProgressView.h; sourceTree = "<group>"; };
		18A56839204CE03900DCCCC4 /* SDBaseProgressView.m */ = {isa = PBXFileReference; fileEncoding = 4; lastKnownFileType = sourcecode.c.objc; path = SDBaseProgressView.m; sourceTree = "<group>"; };
		18A5683A204CE03900DCCCC4 /* SDLoopProgressView.h */ = {isa = PBXFileReference; fileEncoding = 4; lastKnownFileType = sourcecode.c.h; path = SDLoopProgressView.h; sourceTree = "<group>"; };
		18A5683B204CE03900DCCCC4 /* SDLoopProgressView.m */ = {isa = PBXFileReference; fileEncoding = 4; lastKnownFileType = sourcecode.c.objc; path = SDLoopProgressView.m; sourceTree = "<group>"; };
		18A5683C204CE03900DCCCC4 /* SDProgressView.h */ = {isa = PBXFileReference; fileEncoding = 4; lastKnownFileType = sourcecode.c.h; path = SDProgressView.h; sourceTree = "<group>"; };
		18A5683E204CE03900DCCCC4 /* SDDemoItemView.h */ = {isa = PBXFileReference; fileEncoding = 4; lastKnownFileType = sourcecode.c.h; path = SDDemoItemView.h; sourceTree = "<group>"; };
		18A5683F204CE03900DCCCC4 /* SDDemoItemView.m */ = {isa = PBXFileReference; fileEncoding = 4; lastKnownFileType = sourcecode.c.objc; path = SDDemoItemView.m; sourceTree = "<group>"; };
		18A56842204CE03900DCCCC4 /* NSData+ImageContentType.h */ = {isa = PBXFileReference; fileEncoding = 4; lastKnownFileType = sourcecode.c.h; path = "NSData+ImageContentType.h"; sourceTree = "<group>"; };
		18A56843204CE03900DCCCC4 /* NSData+ImageContentType.m */ = {isa = PBXFileReference; fileEncoding = 4; lastKnownFileType = sourcecode.c.objc; path = "NSData+ImageContentType.m"; sourceTree = "<group>"; };
		18A56844204CE03900DCCCC4 /* SDImageCache.h */ = {isa = PBXFileReference; fileEncoding = 4; lastKnownFileType = sourcecode.c.h; path = SDImageCache.h; sourceTree = "<group>"; };
		18A56845204CE03900DCCCC4 /* SDImageCache.m */ = {isa = PBXFileReference; fileEncoding = 4; lastKnownFileType = sourcecode.c.objc; path = SDImageCache.m; sourceTree = "<group>"; };
		18A56846204CE03900DCCCC4 /* SDWebImageCompat.h */ = {isa = PBXFileReference; fileEncoding = 4; lastKnownFileType = sourcecode.c.h; path = SDWebImageCompat.h; sourceTree = "<group>"; };
		18A56847204CE03900DCCCC4 /* SDWebImageCompat.m */ = {isa = PBXFileReference; fileEncoding = 4; lastKnownFileType = sourcecode.c.objc; path = SDWebImageCompat.m; sourceTree = "<group>"; };
		18A56848204CE03900DCCCC4 /* SDWebImageDecoder.h */ = {isa = PBXFileReference; fileEncoding = 4; lastKnownFileType = sourcecode.c.h; path = SDWebImageDecoder.h; sourceTree = "<group>"; };
		18A56849204CE03900DCCCC4 /* SDWebImageDecoder.m */ = {isa = PBXFileReference; fileEncoding = 4; lastKnownFileType = sourcecode.c.objc; path = SDWebImageDecoder.m; sourceTree = "<group>"; };
		18A5684A204CE03900DCCCC4 /* SDWebImageDownloader.h */ = {isa = PBXFileReference; fileEncoding = 4; lastKnownFileType = sourcecode.c.h; path = SDWebImageDownloader.h; sourceTree = "<group>"; };
		18A5684B204CE03900DCCCC4 /* SDWebImageDownloader.m */ = {isa = PBXFileReference; fileEncoding = 4; lastKnownFileType = sourcecode.c.objc; path = SDWebImageDownloader.m; sourceTree = "<group>"; };
		18A5684C204CE03900DCCCC4 /* SDWebImageDownloaderOperation.h */ = {isa = PBXFileReference; fileEncoding = 4; lastKnownFileType = sourcecode.c.h; path = SDWebImageDownloaderOperation.h; sourceTree = "<group>"; };
		18A5684D204CE03900DCCCC4 /* SDWebImageDownloaderOperation.m */ = {isa = PBXFileReference; fileEncoding = 4; lastKnownFileType = sourcecode.c.objc; path = SDWebImageDownloaderOperation.m; sourceTree = "<group>"; };
		18A5684E204CE03900DCCCC4 /* SDWebImageManager.h */ = {isa = PBXFileReference; fileEncoding = 4; lastKnownFileType = sourcecode.c.h; path = SDWebImageManager.h; sourceTree = "<group>"; };
		18A5684F204CE03900DCCCC4 /* SDWebImageManager.m */ = {isa = PBXFileReference; fileEncoding = 4; lastKnownFileType = sourcecode.c.objc; path = SDWebImageManager.m; sourceTree = "<group>"; };
		18A56850204CE03900DCCCC4 /* SDWebImageOperation.h */ = {isa = PBXFileReference; fileEncoding = 4; lastKnownFileType = sourcecode.c.h; path = SDWebImageOperation.h; sourceTree = "<group>"; };
		18A56851204CE03900DCCCC4 /* SDWebImagePrefetcher.h */ = {isa = PBXFileReference; fileEncoding = 4; lastKnownFileType = sourcecode.c.h; path = SDWebImagePrefetcher.h; sourceTree = "<group>"; };
		18A56852204CE03900DCCCC4 /* SDWebImagePrefetcher.m */ = {isa = PBXFileReference; fileEncoding = 4; lastKnownFileType = sourcecode.c.objc; path = SDWebImagePrefetcher.m; sourceTree = "<group>"; };
		18A56853204CE03900DCCCC4 /* UIButton+WebCache.h */ = {isa = PBXFileReference; fileEncoding = 4; lastKnownFileType = sourcecode.c.h; path = "UIButton+WebCache.h"; sourceTree = "<group>"; };
		18A56854204CE03900DCCCC4 /* UIButton+WebCache.m */ = {isa = PBXFileReference; fileEncoding = 4; lastKnownFileType = sourcecode.c.objc; path = "UIButton+WebCache.m"; sourceTree = "<group>"; };
		18A56855204CE03900DCCCC4 /* UIImage+GIF.h */ = {isa = PBXFileReference; fileEncoding = 4; lastKnownFileType = sourcecode.c.h; path = "UIImage+GIF.h"; sourceTree = "<group>"; };
		18A56856204CE03900DCCCC4 /* UIImage+GIF.m */ = {isa = PBXFileReference; fileEncoding = 4; lastKnownFileType = sourcecode.c.objc; path = "UIImage+GIF.m"; sourceTree = "<group>"; };
		18A56857204CE03900DCCCC4 /* UIImage+MultiFormat.h */ = {isa = PBXFileReference; fileEncoding = 4; lastKnownFileType = sourcecode.c.h; path = "UIImage+MultiFormat.h"; sourceTree = "<group>"; };
		18A56858204CE03900DCCCC4 /* UIImage+MultiFormat.m */ = {isa = PBXFileReference; fileEncoding = 4; lastKnownFileType = sourcecode.c.objc; path = "UIImage+MultiFormat.m"; sourceTree = "<group>"; };
		18A56859204CE03900DCCCC4 /* UIImageView+HighlightedWebCache.h */ = {isa = PBXFileReference; fileEncoding = 4; lastKnownFileType = sourcecode.c.h; path = "UIImageView+HighlightedWebCache.h"; sourceTree = "<group>"; };
		18A5685A204CE03900DCCCC4 /* UIImageView+HighlightedWebCache.m */ = {isa = PBXFileReference; fileEncoding = 4; lastKnownFileType = sourcecode.c.objc; path = "UIImageView+HighlightedWebCache.m"; sourceTree = "<group>"; };
		18A5685B204CE03900DCCCC4 /* UIImageView+WebCache.h */ = {isa = PBXFileReference; fileEncoding = 4; lastKnownFileType = sourcecode.c.h; path = "UIImageView+WebCache.h"; sourceTree = "<group>"; };
		18A5685C204CE03900DCCCC4 /* UIImageView+WebCache.m */ = {isa = PBXFileReference; fileEncoding = 4; lastKnownFileType = sourcecode.c.objc; path = "UIImageView+WebCache.m"; sourceTree = "<group>"; };
		18A5685D204CE03900DCCCC4 /* UIView+WebCacheOperation.h */ = {isa = PBXFileReference; fileEncoding = 4; lastKnownFileType = sourcecode.c.h; path = "UIView+WebCacheOperation.h"; sourceTree = "<group>"; };
		18A5685E204CE03900DCCCC4 /* UIView+WebCacheOperation.m */ = {isa = PBXFileReference; fileEncoding = 4; lastKnownFileType = sourcecode.c.objc; path = "UIView+WebCacheOperation.m"; sourceTree = "<group>"; };
		18A56880204CE04900DCCCC4 /* HWCollectionViewCell.h */ = {isa = PBXFileReference; fileEncoding = 4; lastKnownFileType = sourcecode.c.h; path = HWCollectionViewCell.h; sourceTree = "<group>"; };
		18A56881204CE04900DCCCC4 /* HWCollectionViewCell.xib */ = {isa = PBXFileReference; fileEncoding = 4; lastKnownFileType = file.xib; path = HWCollectionViewCell.xib; sourceTree = "<group>"; };
		18A56882204CE04900DCCCC4 /* HWPublishBaseController.m */ = {isa = PBXFileReference; fileEncoding = 4; lastKnownFileType = sourcecode.c.objc; path = HWPublishBaseController.m; sourceTree = "<group>"; };
		18A56883204CE04A00DCCCC4 /* HWPublishBaseController.h */ = {isa = PBXFileReference; fileEncoding = 4; lastKnownFileType = sourcecode.c.h; path = HWPublishBaseController.h; sourceTree = "<group>"; };
		18A56884204CE04A00DCCCC4 /* HWImagePickerSheet.h */ = {isa = PBXFileReference; fileEncoding = 4; lastKnownFileType = sourcecode.c.h; path = HWImagePickerSheet.h; sourceTree = "<group>"; };
		18A56885204CE04A00DCCCC4 /* HWImagePickerSheet.m */ = {isa = PBXFileReference; fileEncoding = 4; lastKnownFileType = sourcecode.c.objc; path = HWImagePickerSheet.m; sourceTree = "<group>"; };
		18A56886204CE04A00DCCCC4 /* HWCollectionViewCell.m */ = {isa = PBXFileReference; fileEncoding = 4; lastKnownFileType = sourcecode.c.objc; path = HWCollectionViewCell.m; sourceTree = "<group>"; };
/* End PBXFileReference section */

/* Begin PBXFrameworksBuildPhase section */
		18A56032204CDEF000DCCCC4 /* Frameworks */ = {
			isa = PBXFrameworksBuildPhase;
			buildActionMask = 2147483647;
			files = (
			);
			runOnlyForDeploymentPostprocessing = 0;
		};
/* End PBXFrameworksBuildPhase section */

/* Begin PBXGroup section */
		18A5602C204CDEF000DCCCC4 = {
			isa = PBXGroup;
			children = (
				18A56037204CDEF000DCCCC4 /* HWImagePicker */,
				18A56036204CDEF000DCCCC4 /* Products */,
			);
			sourceTree = "<group>";
		};
		18A56036204CDEF000DCCCC4 /* Products */ = {
			isa = PBXGroup;
			children = (
				18A56035204CDEF000DCCCC4 /* HWImagePicker.app */,
			);
			name = Products;
			sourceTree = "<group>";
		};
		18A56037204CDEF000DCCCC4 /* HWImagePicker */ = {
			isa = PBXGroup;
			children = (
				18A56812204CE02B00DCCCC4 /* HWImagePicker */,
				18A56038204CDEF000DCCCC4 /* AppDelegate.h */,
				18A56039204CDEF000DCCCC4 /* AppDelegate.m */,
				18A5603B204CDEF000DCCCC4 /* ViewController.h */,
				18A5603C204CDEF000DCCCC4 /* ViewController.m */,
				18A5603E204CDEF000DCCCC4 /* Main.storyboard */,
				18A56041204CDEF000DCCCC4 /* Assets.xcassets */,
				18A56043204CDEF000DCCCC4 /* LaunchScreen.storyboard */,
				18A56046204CDEF000DCCCC4 /* Info.plist */,
				18A56047204CDEF000DCCCC4 /* main.m */,
			);
			path = HWImagePicker;
			sourceTree = "<group>";
		};
		18A56812204CE02B00DCCCC4 /* HWImagePicker */ = {
			isa = PBXGroup;
			children = (
				18A56880204CE04900DCCCC4 /* HWCollectionViewCell.h */,
				18A56886204CE04A00DCCCC4 /* HWCollectionViewCell.m */,
				18A56881204CE04900DCCCC4 /* HWCollectionViewCell.xib */,
				18A56884204CE04A00DCCCC4 /* HWImagePickerSheet.h */,
				18A56885204CE04A00DCCCC4 /* HWImagePickerSheet.m */,
				18A56883204CE04A00DCCCC4 /* HWPublishBaseController.h */,
				18A56882204CE04900DCCCC4 /* HWPublishBaseController.m */,
				18A56813204CE03800DCCCC4 /* Lib */,
			);
			path = HWImagePicker;
			sourceTree = "<group>";
		};
		18A56813204CE03800DCCCC4 /* Lib */ = {
			isa = PBXGroup;
			children = (
				18A56814204CE03800DCCCC4 /* CollectionViewInfo */,
				18A5681B204CE03800DCCCC4 /* JJPhotoViewer */,
				18A56825204CE03800DCCCC4 /* MImgpicker */,
				18A56833204CE03900DCCCC4 /* PlaceholderTextView */,
				18A56836204CE03900DCCCC4 /* SDProgressView */,
				18A56840204CE03900DCCCC4 /* SDWebImage */,
			);
			path = Lib;
			sourceTree = "<group>";
		};
		18A56814204CE03800DCCCC4 /* CollectionViewInfo */ = {
			isa = PBXGroup;
			children = (
				18A56815204CE03800DCCCC4 /* MFlowLayOut.h */,
				18A56816204CE03800DCCCC4 /* MFlowLayOut.m */,
				18A56817204CE03800DCCCC4 /* MHeaderImaCell.h */,
				18A56818204CE03800DCCCC4 /* MHeaderImaCell.m */,
				18A56819204CE03800DCCCC4 /* MHeadImaView.h */,
				18A5681A204CE03800DCCCC4 /* MHeadImaView.m */,
			);
			path = CollectionViewInfo;
			sourceTree = "<group>";
		};
		18A5681B204CE03800DCCCC4 /* JJPhotoViewer */ = {
			isa = PBXGroup;
			children = (
				18A5681C204CE03800DCCCC4 /* JJMainScrollView.h */,
				18A5681D204CE03800DCCCC4 /* JJMainScrollView.m */,
				18A5681E204CE03800DCCCC4 /* JJOneScrollView.h */,
				18A5681F204CE03800DCCCC4 /* JJOneScrollView.m */,
				18A56820204CE03800DCCCC4 /* JJPhoto.h */,
				18A56821204CE03800DCCCC4 /* JJPhoto.m */,
				18A56822204CE03800DCCCC4 /* JJPhotoManeger.h */,
				18A56823204CE03800DCCCC4 /* JJPhotoManeger.m */,
				18A56824204CE03800DCCCC4 /* none.png */,
			);
			path = JJPhotoViewer;
			sourceTree = "<group>";
		};
		18A56825204CE03800DCCCC4 /* MImgpicker */ = {
			isa = PBXGroup;
			children = (
				18A56826204CE03800DCCCC4 /* ImagePickerDefine.h */,
				18A56827204CE03800DCCCC4 /* MGroupCell.h */,
				18A56828204CE03800DCCCC4 /* MGroupCell.m */,
				18A56829204CE03800DCCCC4 /* MGroupCell.xib */,
				18A5682A204CE03800DCCCC4 /* MImaCell.h */,
				18A5682B204CE03800DCCCC4 /* MImaCell.m */,
				18A5682C204CE03800DCCCC4 /* MImaCell.xib */,
				18A5682D204CE03800DCCCC4 /* MImaLibTool.h */,
				18A5682E204CE03800DCCCC4 /* MImaLibTool.m */,
				18A5682F204CE03900DCCCC4 /* MShowAllGroup.h */,
				18A56830204CE03900DCCCC4 /* MShowAllGroup.m */,
				18A56831204CE03900DCCCC4 /* MShowGroupAllSet.h */,
				18A56832204CE03900DCCCC4 /* MShowGroupAllSet.m */,
			);
			path = MImgpicker;
			sourceTree = "<group>";
		};
		18A56833204CE03900DCCCC4 /* PlaceholderTextView */ = {
			isa = PBXGroup;
			children = (
				18A56834204CE03900DCCCC4 /* BRPlaceholderTextView.h */,
				18A56835204CE03900DCCCC4 /* BRPlaceholderTextView.m */,
			);
			path = PlaceholderTextView;
			sourceTree = "<group>";
		};
		18A56836204CE03900DCCCC4 /* SDProgressView */ = {
			isa = PBXGroup;
			children = (
				18A56837204CE03900DCCCC4 /* Lib */,
				18A5683D204CE03900DCCCC4 /* View */,
			);
			path = SDProgressView;
			sourceTree = "<group>";
		};
		18A56837204CE03900DCCCC4 /* Lib */ = {
			isa = PBXGroup;
			children = (
				18A56838204CE03900DCCCC4 /* SDBaseProgressView.h */,
				18A56839204CE03900DCCCC4 /* SDBaseProgressView.m */,
				18A5683A204CE03900DCCCC4 /* SDLoopProgressView.h */,
				18A5683B204CE03900DCCCC4 /* SDLoopProgressView.m */,
				18A5683C204CE03900DCCCC4 /* SDProgressView.h */,
			);
			path = Lib;
			sourceTree = "<group>";
		};
		18A5683D204CE03900DCCCC4 /* View */ = {
			isa = PBXGroup;
			children = (
				18A5683E204CE03900DCCCC4 /* SDDemoItemView.h */,
				18A5683F204CE03900DCCCC4 /* SDDemoItemView.m */,
			);
			path = View;
			sourceTree = "<group>";
		};
		18A56840204CE03900DCCCC4 /* SDWebImage */ = {
			isa = PBXGroup;
			children = (
				18A56841204CE03900DCCCC4 /* SDWebImage */,
			);
			path = SDWebImage;
			sourceTree = "<group>";
		};
		18A56841204CE03900DCCCC4 /* SDWebImage */ = {
			isa = PBXGroup;
			children = (
				18A56842204CE03900DCCCC4 /* NSData+ImageContentType.h */,
				18A56843204CE03900DCCCC4 /* NSData+ImageContentType.m */,
				18A56844204CE03900DCCCC4 /* SDImageCache.h */,
				18A56845204CE03900DCCCC4 /* SDImageCache.m */,
				18A56846204CE03900DCCCC4 /* SDWebImageCompat.h */,
				18A56847204CE03900DCCCC4 /* SDWebImageCompat.m */,
				18A56848204CE03900DCCCC4 /* SDWebImageDecoder.h */,
				18A56849204CE03900DCCCC4 /* SDWebImageDecoder.m */,
				18A5684A204CE03900DCCCC4 /* SDWebImageDownloader.h */,
				18A5684B204CE03900DCCCC4 /* SDWebImageDownloader.m */,
				18A5684C204CE03900DCCCC4 /* SDWebImageDownloaderOperation.h */,
				18A5684D204CE03900DCCCC4 /* SDWebImageDownloaderOperation.m */,
				18A5684E204CE03900DCCCC4 /* SDWebImageManager.h */,
				18A5684F204CE03900DCCCC4 /* SDWebImageManager.m */,
				18A56850204CE03900DCCCC4 /* SDWebImageOperation.h */,
				18A56851204CE03900DCCCC4 /* SDWebImagePrefetcher.h */,
				18A56852204CE03900DCCCC4 /* SDWebImagePrefetcher.m */,
				18A56853204CE03900DCCCC4 /* UIButton+WebCache.h */,
				18A56854204CE03900DCCCC4 /* UIButton+WebCache.m */,
				18A56855204CE03900DCCCC4 /* UIImage+GIF.h */,
				18A56856204CE03900DCCCC4 /* UIImage+GIF.m */,
				18A56857204CE03900DCCCC4 /* UIImage+MultiFormat.h */,
				18A56858204CE03900DCCCC4 /* UIImage+MultiFormat.m */,
				18A56859204CE03900DCCCC4 /* UIImageView+HighlightedWebCache.h */,
				18A5685A204CE03900DCCCC4 /* UIImageView+HighlightedWebCache.m */,
				18A5685B204CE03900DCCCC4 /* UIImageView+WebCache.h */,
				18A5685C204CE03900DCCCC4 /* UIImageView+WebCache.m */,
				18A5685D204CE03900DCCCC4 /* UIView+WebCacheOperation.h */,
				18A5685E204CE03900DCCCC4 /* UIView+WebCacheOperation.m */,
			);
			path = SDWebImage;
			sourceTree = "<group>";
		};
/* End PBXGroup section */

/* Begin PBXNativeTarget section */
		18A56034204CDEF000DCCCC4 /* HWImagePicker */ = {
			isa = PBXNativeTarget;
			buildConfigurationList = 18A5604B204CDEF000DCCCC4 /* Build configuration list for PBXNativeTarget "HWImagePicker" */;
			buildPhases = (
				18A56031204CDEF000DCCCC4 /* Sources */,
				18A56032204CDEF000DCCCC4 /* Frameworks */,
				18A56033204CDEF000DCCCC4 /* Resources */,
			);
			buildRules = (
			);
			dependencies = (
			);
			name = HWImagePicker;
			productName = HWImagePicker;
			productReference = 18A56035204CDEF000DCCCC4 /* HWImagePicker.app */;
			productType = "com.apple.product-type.application";
		};
/* End PBXNativeTarget section */

/* Begin PBXProject section */
		18A5602D204CDEF000DCCCC4 /* Project object */ = {
			isa = PBXProject;
			attributes = {
				LastUpgradeCheck = 0920;
				ORGANIZATIONNAME = Apple;
				TargetAttributes = {
					18A56034204CDEF000DCCCC4 = {
						CreatedOnToolsVersion = 9.2;
						ProvisioningStyle = Automatic;
					};
				};
			};
			buildConfigurationList = 18A56030204CDEF000DCCCC4 /* Build configuration list for PBXProject "HWImagePicker" */;
			compatibilityVersion = "Xcode 8.0";
			developmentRegion = en;
			hasScannedForEncodings = 0;
			knownRegions = (
				en,
				Base,
			);
			mainGroup = 18A5602C204CDEF000DCCCC4;
			productRefGroup = 18A56036204CDEF000DCCCC4 /* Products */;
			projectDirPath = "";
			projectRoot = "";
			targets = (
				18A56034204CDEF000DCCCC4 /* HWImagePicker */,
			);
		};
/* End PBXProject section */

/* Begin PBXResourcesBuildPhase section */
		18A56033204CDEF000DCCCC4 /* Resources */ = {
			isa = PBXResourcesBuildPhase;
			buildActionMask = 2147483647;
			files = (
				18A56868204CE03900DCCCC4 /* MGroupCell.xib in Resources */,
				18A5686A204CE03900DCCCC4 /* MImaCell.xib in Resources */,
				18A56045204CDEF000DCCCC4 /* LaunchScreen.storyboard in Resources */,
				18A56887204CE04A00DCCCC4 /* HWCollectionViewCell.xib in Resources */,
				18A56042204CDEF000DCCCC4 /* Assets.xcassets in Resources */,
				18A56040204CDEF000DCCCC4 /* Main.storyboard in Resources */,
				18A56866204CE03900DCCCC4 /* none.png in Resources */,
			);
			runOnlyForDeploymentPostprocessing = 0;
		};
/* End PBXResourcesBuildPhase section */

/* Begin PBXSourcesBuildPhase section */
		18A56031204CDEF000DCCCC4 /* Sources */ = {
			isa = PBXSourcesBuildPhase;
			buildActionMask = 2147483647;
			files = (
				18A56860204CE03900DCCCC4 /* MHeaderImaCell.m in Sources */,
				18A56869204CE03900DCCCC4 /* MImaCell.m in Sources */,
				18A56862204CE03900DCCCC4 /* JJMainScrollView.m in Sources */,
				18A56864204CE03900DCCCC4 /* JJPhoto.m in Sources */,
				18A5687F204CE03900DCCCC4 /* UIView+WebCacheOperation.m in Sources */,
				18A5603D204CDEF000DCCCC4 /* ViewController.m in Sources */,
				18A56889204CE04A00DCCCC4 /* HWImagePickerSheet.m in Sources */,
				18A56878204CE03900DCCCC4 /* SDWebImageManager.m in Sources */,
				18A56875204CE03900DCCCC4 /* SDWebImageDecoder.m in Sources */,
				18A56861204CE03900DCCCC4 /* MHeadImaView.m in Sources */,
				18A5686B204CE03900DCCCC4 /* MImaLibTool.m in Sources */,
				18A5688A204CE04A00DCCCC4 /* HWCollectionViewCell.m in Sources */,
				18A56879204CE03900DCCCC4 /* SDWebImagePrefetcher.m in Sources */,
				18A5687E204CE03900DCCCC4 /* UIImageView+WebCache.m in Sources */,
				18A56863204CE03900DCCCC4 /* JJOneScrollView.m in Sources */,
				18A56048204CDEF000DCCCC4 /* main.m in Sources */,
				18A5686E204CE03900DCCCC4 /* BRPlaceholderTextView.m in Sources */,
				18A5687B204CE03900DCCCC4 /* UIImage+GIF.m in Sources */,
				18A56872204CE03900DCCCC4 /* NSData+ImageContentType.m in Sources */,
				18A56874204CE03900DCCCC4 /* SDWebImageCompat.m in Sources */,
				18A56870204CE03900DCCCC4 /* SDLoopProgressView.m in Sources */,
				18A5603A204CDEF000DCCCC4 /* AppDelegate.m in Sources */,
				18A56873204CE03900DCCCC4 /* SDImageCache.m in Sources */,
				18A56876204CE03900DCCCC4 /* SDWebImageDownloader.m in Sources */,
				18A5686C204CE03900DCCCC4 /* MShowAllGroup.m in Sources */,
				18A5686F204CE03900DCCCC4 /* SDBaseProgressView.m in Sources */,
				18A5687C204CE03900DCCCC4 /* UIImage+MultiFormat.m in Sources */,
				18A5687A204CE03900DCCCC4 /* UIButton+WebCache.m in Sources */,
				18A56865204CE03900DCCCC4 /* JJPhotoManeger.m in Sources */,
				18A56867204CE03900DCCCC4 /* MGroupCell.m in Sources */,
				18A56877204CE03900DCCCC4 /* SDWebImageDownloaderOperation.m in Sources */,
				18A56888204CE04A00DCCCC4 /* HWPublishBaseController.m in Sources */,
				18A5686D204CE03900DCCCC4 /* MShowGroupAllSet.m in Sources */,
				18A5687D204CE03900DCCCC4 /* UIImageView+HighlightedWebCache.m in Sources */,
				18A5685F204CE03900DCCCC4 /* MFlowLayOut.m in Sources */,
				18A56871204CE03900DCCCC4 /* SDDemoItemView.m in Sources */,
			);
			runOnlyForDeploymentPostprocessing = 0;
		};
/* End PBXSourcesBuildPhase section */

/* Begin PBXVariantGroup section */
		18A5603E204CDEF000DCCCC4 /* Main.storyboard */ = {
			isa = PBXVariantGroup;
			children = (
				18A5603F204CDEF000DCCCC4 /* Base */,
			);
			name = Main.storyboard;
			sourceTree = "<group>";
		};
		18A56043204CDEF000DCCCC4 /* LaunchScreen.storyboard */ = {
			isa = PBXVariantGroup;
			children = (
				18A56044204CDEF000DCCCC4 /* Base */,
			);
			name = LaunchScreen.storyboard;
			sourceTree = "<group>";
		};
/* End PBXVariantGroup section */

/* Begin XCBuildConfiguration section */
		18A56049204CDEF000DCCCC4 /* Debug */ = {
			isa = XCBuildConfiguration;
			buildSettings = {
				ALWAYS_SEARCH_USER_PATHS = NO;
				CLANG_ANALYZER_NONNULL = YES;
				CLANG_ANALYZER_NUMBER_OBJECT_CONVERSION = YES_AGGRESSIVE;
				CLANG_CXX_LANGUAGE_STANDARD = "gnu++14";
				CLANG_CXX_LIBRARY = "libc++";
				CLANG_ENABLE_MODULES = YES;
				CLANG_ENABLE_OBJC_ARC = YES;
				CLANG_WARN_BLOCK_CAPTURE_AUTORELEASING = YES;
				CLANG_WARN_BOOL_CONVERSION = YES;
				CLANG_WARN_COMMA = YES;
				CLANG_WARN_CONSTANT_CONVERSION = YES;
				CLANG_WARN_DIRECT_OBJC_ISA_USAGE = YES_ERROR;
				CLANG_WARN_DOCUMENTATION_COMMENTS = YES;
				CLANG_WARN_EMPTY_BODY = YES;
				CLANG_WARN_ENUM_CONVERSION = YES;
				CLANG_WARN_INFINITE_RECURSION = YES;
				CLANG_WARN_INT_CONVERSION = YES;
				CLANG_WARN_NON_LITERAL_NULL_CONVERSION = YES;
				CLANG_WARN_OBJC_LITERAL_CONVERSION = YES;
				CLANG_WARN_OBJC_ROOT_CLASS = YES_ERROR;
				CLANG_WARN_RANGE_LOOP_ANALYSIS = YES;
				CLANG_WARN_STRICT_PROTOTYPES = YES;
				CLANG_WARN_SUSPICIOUS_MOVE = YES;
				CLANG_WARN_UNGUARDED_AVAILABILITY = YES_AGGRESSIVE;
				CLANG_WARN_UNREACHABLE_CODE = YES;
				CLANG_WARN__DUPLICATE_METHOD_MATCH = YES;
				CODE_SIGN_IDENTITY = "iPhone Developer";
				COPY_PHASE_STRIP = NO;
				DEBUG_INFORMATION_FORMAT = dwarf;
				ENABLE_STRICT_OBJC_MSGSEND = YES;
				ENABLE_TESTABILITY = YES;
				GCC_C_LANGUAGE_STANDARD = gnu11;
				GCC_DYNAMIC_NO_PIC = NO;
				GCC_NO_COMMON_BLOCKS = YES;
				GCC_OPTIMIZATION_LEVEL = 0;
				GCC_PREPROCESSOR_DEFINITIONS = (
					"DEBUG=1",
					"$(inherited)",
				);
				GCC_WARN_64_TO_32_BIT_CONVERSION = YES;
				GCC_WARN_ABOUT_RETURN_TYPE = YES_ERROR;
				GCC_WARN_UNDECLARED_SELECTOR = YES;
				GCC_WARN_UNINITIALIZED_AUTOS = YES_AGGRESSIVE;
				GCC_WARN_UNUSED_FUNCTION = YES;
				GCC_WARN_UNUSED_VARIABLE = YES;
				IPHONEOS_DEPLOYMENT_TARGET = 11.2;
				MTL_ENABLE_DEBUG_INFO = YES;
				ONLY_ACTIVE_ARCH = YES;
				SDKROOT = iphoneos;
			};
			name = Debug;
		};
		18A5604A204CDEF000DCCCC4 /* Release */ = {
			isa = XCBuildConfiguration;
			buildSettings = {
				ALWAYS_SEARCH_USER_PATHS = NO;
				CLANG_ANALYZER_NONNULL = YES;
				CLANG_ANALYZER_NUMBER_OBJECT_CONVERSION = YES_AGGRESSIVE;
				CLANG_CXX_LANGUAGE_STANDARD = "gnu++14";
				CLANG_CXX_LIBRARY = "libc++";
				CLANG_ENABLE_MODULES = YES;
				CLANG_ENABLE_OBJC_ARC = YES;
				CLANG_WARN_BLOCK_CAPTURE_AUTORELEASING = YES;
				CLANG_WARN_BOOL_CONVERSION = YES;
				CLANG_WARN_COMMA = YES;
				CLANG_WARN_CONSTANT_CONVERSION = YES;
				CLANG_WARN_DIRECT_OBJC_ISA_USAGE = YES_ERROR;
				CLANG_WARN_DOCUMENTATION_COMMENTS = YES;
				CLANG_WARN_EMPTY_BODY = YES;
				CLANG_WARN_ENUM_CONVERSION = YES;
				CLANG_WARN_INFINITE_RECURSION = YES;
				CLANG_WARN_INT_CONVERSION = YES;
				CLANG_WARN_NON_LITERAL_NULL_CONVERSION = YES;
				CLANG_WARN_OBJC_LITERAL_CONVERSION = YES;
				CLANG_WARN_OBJC_ROOT_CLASS = YES_ERROR;
				CLANG_WARN_RANGE_LOOP_ANALYSIS = YES;
				CLANG_WARN_STRICT_PROTOTYPES = YES;
				CLANG_WARN_SUSPICIOUS_MOVE = YES;
				CLANG_WARN_UNGUARDED_AVAILABILITY = YES_AGGRESSIVE;
				CLANG_WARN_UNREACHABLE_CODE = YES;
				CLANG_WARN__DUPLICATE_METHOD_MATCH = YES;
				CODE_SIGN_IDENTITY = "iPhone Developer";
				COPY_PHASE_STRIP = NO;
				DEBUG_INFORMATION_FORMAT = "dwarf-with-dsym";
				ENABLE_NS_ASSERTIONS = NO;
				ENABLE_STRICT_OBJC_MSGSEND = YES;
				GCC_C_LANGUAGE_STANDARD = gnu11;
				GCC_NO_COMMON_BLOCKS = YES;
				GCC_WARN_64_TO_32_BIT_CONVERSION = YES;
				GCC_WARN_ABOUT_RETURN_TYPE = YES_ERROR;
				GCC_WARN_UNDECLARED_SELECTOR = YES;
				GCC_WARN_UNINITIALIZED_AUTOS = YES_AGGRESSIVE;
				GCC_WARN_UNUSED_FUNCTION = YES;
				GCC_WARN_UNUSED_VARIABLE = YES;
				IPHONEOS_DEPLOYMENT_TARGET = 11.2;
				MTL_ENABLE_DEBUG_INFO = NO;
				SDKROOT = iphoneos;
				VALIDATE_PRODUCT = YES;
			};
			name = Release;
		};
		18A5604C204CDEF000DCCCC4 /* Debug */ = {
			isa = XCBuildConfiguration;
			buildSettings = {
				ASSETCATALOG_COMPILER_APPICON_NAME = AppIcon;
				CODE_SIGN_STYLE = Automatic;
				DEVELOPMENT_TEAM = VQELGPENA9;
				INFOPLIST_FILE = HWImagePicker/Info.plist;
				LD_RUNPATH_SEARCH_PATHS = "$(inherited) @executable_path/Frameworks";
				PRODUCT_BUNDLE_IDENTIFIER = com.edu.HWImagePicker.HWImagePicker;
				PRODUCT_NAME = "$(TARGET_NAME)";
				TARGETED_DEVICE_FAMILY = "1,2";
			};
			name = Debug;
		};
		18A5604D204CDEF000DCCCC4 /* Release */ = {
			isa = XCBuildConfiguration;
			buildSettings = {
				ASSETCATALOG_COMPILER_APPICON_NAME = AppIcon;
				CODE_SIGN_STYLE = Automatic;
				DEVELOPMENT_TEAM = VQELGPENA9;
				INFOPLIST_FILE = HWImagePicker/Info.plist;
				LD_RUNPATH_SEARCH_PATHS = "$(inherited) @executable_path/Frameworks";
				PRODUCT_BUNDLE_IDENTIFIER = com.edu.HWImagePicker.HWImagePicker;
				PRODUCT_NAME = "$(TARGET_NAME)";
				TARGETED_DEVICE_FAMILY = "1,2";
			};
			name = Release;
		};
/* End XCBuildConfiguration section */

/* Begin XCConfigurationList section */
		18A56030204CDEF000DCCCC4 /* Build configuration list for PBXProject "HWImagePicker" */ = {
			isa = XCConfigurationList;
			buildConfigurations = (
				18A56049204CDEF000DCCCC4 /* Debug */,
				18A5604A204CDEF000DCCCC4 /* Release */,
			);
			defaultConfigurationIsVisible = 0;
			defaultConfigurationName = Release;
		};
		18A5604B204CDEF000DCCCC4 /* Build configuration list for PBXNativeTarget "HWImagePicker" */ = {
			isa = XCConfigurationList;
			buildConfigurations = (
				18A5604C204CDEF000DCCCC4 /* Debug */,
				18A5604D204CDEF000DCCCC4 /* Release */,
			);
			defaultConfigurationIsVisible = 0;
			defaultConfigurationName = Release;
		};
/* End XCConfigurationList section */
	};
	rootObject = 18A5602D204CDEF000DCCCC4 /* Project object */;
}
